
Microsoft Visual Studio Solution File, Format Version 12.00
# Visual Studio 15
VisualStudioVersion = 15.0.27004.2010
MinimumVisualStudioVersion = 10.0.40219.1
Project("{FAE04EC0-301F-11D3-BF4B-00C04F79EFBC}") = "DataAccess", "DataAccess\DataAccess.csproj", "{80E237E6-457F-40D8-AF47-649D035C266D}"
EndProject
Project("{FAE04EC0-301F-11D3-BF4B-00C04F79EFBC}") = "Presentation", "Presentation\Presentation.csproj", "{4A53B781-0CCA-4F9D-BCB4-5CFA76C89BFC}"
EndProject
Project("{FAE04EC0-301F-11D3-BF4B-00C04F79EFBC}") = "Services", "Services\Services.csproj", "{DA352BE1-CC89-4778-8B64-5EDEB46ECB65}"
EndProject
Global
	GlobalSection(SolutionConfigurationPlatforms) = preSolution
		Debug|Any CPU = Debug|Any CPU
		Release|Any CPU = Release|Any CPU
	EndGlobalSection
	GlobalSection(ProjectConfigurationPlatforms) = postSolution
		{80E237E6-457F-40D8-AF47-649D035C266D}.Debug|Any CPU.ActiveCfg = Debug|Any CPU
		{80E237E6-457F-40D8-AF47-649D035C266D}.Debug|Any CPU.Build.0 = Debug|Any CPU
		{80E237E6-457F-40D8-AF47-649D035C266D}.Release|Any CPU.ActiveCfg = Release|Any CPU
		{80E237E6-457F-40D8-AF47-649D035C266D}.Release|Any CPU.Build.0 = Release|Any CPU
		{4A53B781-0CCA-4F9D-BCB4-5CFA76C89BFC}.Debug|Any CPU.ActiveCfg = Debug|Any CPU
		{4A53B781-0CCA-4F9D-BCB4-5CFA76C89BFC}.Debug|Any CPU.Build.0 = Debug|Any CPU
		{4A53B781-0CCA-4F9D-BCB4-5CFA76C89BFC}.Release|Any CPU.ActiveCfg = Release|Any CPU
		{4A53B781-0CCA-4F9D-BCB4-5CFA76C89BFC}.Release|Any CPU.Build.0 = Release|Any CPU
		{DA352BE1-CC89-4778-8B64-5EDEB46ECB65}.Debug|Any CPU.ActiveCfg = Debug|Any CPU
		{DA352BE1-CC89-4778-8B64-5EDEB46ECB65}.Debug|Any CPU.Build.0 = Debug|Any CPU
		{DA352BE1-CC89-4778-8B64-5EDEB46ECB65}.Release|Any CPU.ActiveCfg = Release|Any CPU
		{DA352BE1-CC89-4778-8B64-5EDEB46ECB65}.Release|Any CPU.Build.0 = Release|Any CPU
	EndGlobalSection
	GlobalSection(SolutionProperties) = preSolution
		HideSolutionNode = FALSE
	EndGlobalSection
	GlobalSection(ExtensibilityGlobals) = postSolution
		SolutionGuid = {F2EB47BA-CD4B-4325-AB61-AE83CAC79733}
	EndGlobalSection
EndGlobal
